
Microsoft Visual Studio Solution File, Format Version 12.00
# Visual Studio Version 17
VisualStudioVersion = 17.11.35219.272
MinimumVisualStudioVersion = 10.0.40219.1
Project("{FAE04EC0-301F-11D3-BF4B-00C04F79EFBC}") = "API", "API\API.csproj", "{E094313B-9ADA-4373-9180-2D4BE999F1DC}"
EndProject
Project("{FAE04EC0-301F-11D3-BF4B-00C04F79EFBC}") = "Data", "Data\Data.csproj", "{DE5A32E2-9CFA-40BC-AC1F-E97296D274DD}"
EndProject
Global
	GlobalSection(SolutionConfigurationPlatforms) = preSolution
		Debug|Any CPU = Debug|Any CPU
		Release|Any CPU = Release|Any CPU
	EndGlobalSection
	GlobalSection(ProjectConfigurationPlatforms) = postSolution
		{E094313B-9ADA-4373-9180-2D4BE999F1DC}.Debug|Any CPU.ActiveCfg = Debug|Any CPU
		{E094313B-9ADA-4373-9180-2D4BE999F1DC}.Debug|Any CPU.Build.0 = Debug|Any CPU
		{E094313B-9ADA-4373-9180-2D4BE999F1DC}.Release|Any CPU.ActiveCfg = Release|Any CPU
		{E094313B-9ADA-4373-9180-2D4BE999F1DC}.Release|Any CPU.Build.0 = Release|Any CPU
		{DE5A32E2-9CFA-40BC-AC1F-E97296D274DD}.Debug|Any CPU.ActiveCfg = Debug|Any CPU
		{DE5A32E2-9CFA-40BC-AC1F-E97296D274DD}.Debug|Any CPU.Build.0 = Debug|Any CPU
		{DE5A32E2-9CFA-40BC-AC1F-E97296D274DD}.Release|Any CPU.ActiveCfg = Release|Any CPU
		{DE5A32E2-9CFA-40BC-AC1F-E97296D274DD}.Release|Any CPU.Build.0 = Release|Any CPU
	EndGlobalSection
	GlobalSection(SolutionProperties) = preSolution
		HideSolutionNode = FALSE
	EndGlobalSection
	GlobalSection(ExtensibilityGlobals) = postSolution
		SolutionGuid = {C1D58B0C-5311-46C1-A395-3CDF5014CC0D}
	EndGlobalSection
EndGlobal
